# This file is automatically @generated by Poetry 1.5.1 and should not be changed by hand.

[[package]]
name = "fpstimer"
version = "0.0.1"
description = "A clock timer that provides sleep()-like features for maintaining a certain \"frames per second\" (FPS) framerate in Python 2 and 3."
optional = false
python-versions = "*"
files = [
    {file = "fpstimer-0.0.1.tar.gz", hash = "sha256:fba3bcebfda796d2eb4251ea88e2b45b1f3909e05afa79812778d0d98c3acfca"},
]

[[package]]
name = "glfw"
version = "2.5.9"
description = "A ctypes-based wrapper for GLFW3."
optional = false
python-versions = "*"
files = [
    {file = "glfw-2.5.9-py2.py27.py3.py30.py31.py32.py33.py34.py35.py36.py37.py38-none-macosx_10_6_intel.whl", hash = "sha256:fbad05c574ec6950fa11c992901ee8f29729fcc9447b1830924d04cf51e46b17"},
    {file = "glfw-2.5.9-py2.py27.py3.py30.py31.py32.py33.py34.py35.py36.py37.py38-none-macosx_11_0_arm64.whl", hash = "sha256:ac794f5a9be767d9865fc23d842aec2db6c36366d5aa58879ca52bdd231f9a07"},
    {file = "glfw-2.5.9-py2.py27.py3.py30.py31.py32.py33.py34.py35.py36.py37.py38-none-manylinux2010_i686.whl", hash = "sha256:f866f50bbfbb779b2a8ca3efff306d5206f5611cbc58fa77f23adc5efb401af8"},
    {file = "glfw-2.5.9-py2.py27.py3.py30.py31.py32.py33.py34.py35.py36.py37.py38-none-manylinux2010_x86_64.whl", hash = "sha256:e5746ae1491ef4a17df645a18f5f9e0c671d08d615ab0e9b46181c613133281f"},
    {file = "glfw-2.5.9-py2.py27.py3.py30.py31.py32.py33.py34.py35.py36.py37.py38-none-manylinux2014_aarch64.whl", hash = "sha256:d345b2f8cfddfbd1a80e4c84abee3702be17301b3751820abae53283de749b0d"},
    {file = "glfw-2.5.9-py2.py27.py3.py30.py31.py32.py33.py34.py35.py36.py37.py38-none-manylinux2014_x86_64.whl", hash = "sha256:adc6b2c4de5345afc4970515fd8d4332557522727e1d0fd7b68c99afaaa24b80"},
    {file = "glfw-2.5.9-py2.py27.py3.py30.py31.py32.py33.py34.py35.py36.py37.py38-none-win32.whl", hash = "sha256:c99ebf600b9f551ce94f81a0acd1d224ef62f266375cfb47797ed8cb62916ff3"},
    {file = "glfw-2.5.9-py2.py27.py3.py30.py31.py32.py33.py34.py35.py36.py37.py38-none-win_amd64.whl", hash = "sha256:bed92052e1d9f6bc0f2a918e78f9b343b9a350e93d111e8b2ab2cd70382cd237"},
    {file = "glfw-2.5.9.tar.gz", hash = "sha256:1510a77507d279f8a35e3dbec2892774358539500687159f4bf2fd15cefff81d"},
]

[package.extras]
preview = ["glfw-preview"]

[[package]]
name = "glfw-types"
version = "1.0.1"
description = "A ctypes-based wrapper for GLFW3 (with typing)."
optional = false
python-versions = "*"
files = [
    {file = "glfw_types-1.0.1-py3-none-any.whl", hash = "sha256:1acf2f3c0615c1edd4842b2c613c0e0db448dbe9033c9a817a0a6861091822a7"},
]

[package.dependencies]
glfw = "*"

[[package]]
name = "pyopengl"
version = "3.1.7"
description = "Standard OpenGL bindings for Python"
optional = false
python-versions = "*"
files = [
    {file = "PyOpenGL-3.1.7-py3-none-any.whl", hash = "sha256:a6ab19cf290df6101aaf7470843a9c46207789855746399d0af92521a0a92b7a"},
    {file = "PyOpenGL-3.1.7.tar.gz", hash = "sha256:eef31a3888e6984fd4d8e6c9961b184c9813ca82604d37fe3da80eb000a76c86"},
]

[metadata]
lock-version = "2.0"
python-versions = "^3.9"
content-hash = "103aa21334d2dd42303a1b1ec4ec1e235ec366d612fe7623bf9d4078bfe5f157"
